// !$*UTF8*$!
{
	archiveVersion = 1;
	classes = {
	};
	objectVersion = 56;
	objects = {

/* Begin PBXBuildFile section */
		56C1B9A62B24259D0061B4F4 /* ChatbuddyApp.swift in Sources */ = {isa = PBXBuildFile; fileRef = 56C1B9A52B24259D0061B4F4 /* ChatbuddyApp.swift */; };
		56C1B9A82B24259D0061B4F4 /* ContentView.swift in Sources */ = {isa = PBXBuildFile; fileRef = 56C1B9A72B24259D0061B4F4 /* ContentView.swift */; };
		56C1B9AA2B24259F0061B4F4 /* Assets.xcassets in Resources */ = {isa = PBXBuildFile; fileRef = 56C1B9A92B24259F0061B4F4 /* Assets.xcassets */; };
		56C1B9AE2B24259F0061B4F4 /* Preview Assets.xcassets in Resources */ = {isa = PBXBuildFile; fileRef = 56C1B9AD2B24259F0061B4F4 /* Preview Assets.xcassets */; };
		56C1B9B82B24259F0061B4F4 /* ChatbuddyTests.swift in Sources */ = {isa = PBXBuildFile; fileRef = 56C1B9B72B24259F0061B4F4 /* ChatbuddyTests.swift */; };
		56C1B9C22B24259F0061B4F4 /* ChatbuddyUITests.swift in Sources */ = {isa = PBXBuildFile; fileRef = 56C1B9C12B24259F0061B4F4 /* ChatbuddyUITests.swift */; };
		56C1B9C42B24259F0061B4F4 /* ChatbuddyUITestsLaunchTests.swift in Sources */ = {isa = PBXBuildFile; fileRef = 56C1B9C32B24259F0061B4F4 /* ChatbuddyUITestsLaunchTests.swift */; };
/* End PBXBuildFile section */

/* Begin PBXContainerItemProxy section */
		56C1B9B42B24259F0061B4F4 /* PBXContainerItemProxy */ = {
			isa = PBXContainerItemProxy;
			containerPortal = 56C1B99A2B24259D0061B4F4 /* Project object */;
			proxyType = 1;
			remoteGlobalIDString = 56C1B9A12B24259D0061B4F4;
			remoteInfo = Chatbuddy;
		};
		56C1B9BE2B24259F0061B4F4 /* PBXContainerItemProxy */ = {
			isa = PBXContainerItemProxy;
			containerPortal = 56C1B99A2B24259D0061B4F4 /* Project object */;
			proxyType = 1;
			remoteGlobalIDString = 56C1B9A12B24259D0061B4F4;
			remoteInfo = Chatbuddy;
		};
/* End PBXContainerItemProxy section */

/* Begin PBXFileReference section */
		56C1B9A22B24259D0061B4F4 /* Chatbuddy.app */ = {isa = PBXFileReference; explicitFileType = wrapper.application; includeInIndex = 0; path = Chatbuddy.app; sourceTree = BUILT_PRODUCTS_DIR; };
		56C1B9A52B24259D0061B4F4 /* ChatbuddyApp.swift */ = {isa = PBXFileReference; lastKnownFileType = sourcecode.swift; path = ChatbuddyApp.swift; sourceTree = "<group>"; };
		56C1B9A72B24259D0061B4F4 /* ContentView.swift */ = {isa = PBXFileReference; lastKnownFileType = sourcecode.swift; path = ContentView.swift; sourceTree = "<group>"; };
		56C1B9A92B24259F0061B4F4 /* Assets.xcassets */ = {isa = PBXFileReference; lastKnownFileType = folder.assetcatalog; path = Assets.xcassets; sourceTree = "<group>"; };
		56C1B9AB2B24259F0061B4F4 /* Chatbuddy.entitlements */ = {isa = PBXFileReference; lastKnownFileType = text.plist.entitlements; path = Chatbuddy.entitlements; sourceTree = "<group>"; };
		56C1B9AD2B24259F0061B4F4 /* Preview Assets.xcassets */ = {isa = PBXFileReference; lastKnownFileType = folder.assetcatalog; path = "Preview Assets.xcassets"; sourceTree = "<group>"; };
		56C1B9B32B24259F0061B4F4 /* ChatbuddyTests.xctest */ = {isa = PBXFileReference; explicitFileType = wrapper.cfbundle; includeInIndex = 0; path = ChatbuddyTests.xctest; sourceTree = BUILT_PRODUCTS_DIR; };
		56C1B9B72B24259F0061B4F4 /* ChatbuddyTests.swift */ = {isa = PBXFileReference; lastKnownFileType = sourcecode.swift; path = ChatbuddyTests.swift; sourceTree = "<group>"; };
		56C1B9BD2B24259F0061B4F4 /* ChatbuddyUITests.xctest */ = {isa = PBXFileReference; explicitFileType = wrapper.cfbundle; includeInIndex = 0; path = ChatbuddyUITests.xctest; sourceTree = BUILT_PRODUCTS_DIR; };
		56C1B9C12B24259F0061B4F4 /* ChatbuddyUITests.swift */ = {isa = PBXFileReference; lastKnownFileType = sourcecode.swift; path = ChatbuddyUITests.swift; sourceTree = "<group>"; };
		56C1B9C32B24259F0061B4F4 /* ChatbuddyUITestsLaunchTests.swift */ = {isa = PBXFileReference; lastKnownFileType = sourcecode.swift; path = ChatbuddyUITestsLaunchTests.swift; sourceTree = "<group>"; };
/* End PBXFileReference section */

/* Begin PBXFrameworksBuildPhase section */
		56C1B99F2B24259D0061B4F4 /* Frameworks */ = {
			isa = PBXFrameworksBuildPhase;
			buildActionMask = 2147483647;
			files = (
			);
			runOnlyForDeploymentPostprocessing = 0;
		};
		56C1B9B02B24259F0061B4F4 /* Frameworks */ = {
			isa = PBXFrameworksBuildPhase;
			buildActionMask = 2147483647;
			files = (
			);
			runOnlyForDeploymentPostprocessing = 0;
		};
		56C1B9BA2B24259F0061B4F4 /* Frameworks */ = {
			isa = PBXFrameworksBuildPhase;
			buildActionMask = 2147483647;
			files = (
			);
			runOnlyForDeploymentPostprocessing = 0;
		};
/* End PBXFrameworksBuildPhase section */

/* Begin PBXGroup section */
		56C1B9992B24259D0061B4F4 = {
			isa = PBXGroup;
			children = (
				56C1B9A42B24259D0061B4F4 /* Chatbuddy */,
				56C1B9B62B24259F0061B4F4 /* ChatbuddyTests */,
				56C1B9C02B24259F0061B4F4 /* ChatbuddyUITests */,
				56C1B9A32B24259D0061B4F4 /* Products */,
			);
			sourceTree = "<group>";
		};
		56C1B9A32B24259D0061B4F4 /* Products */ = {
			isa = PBXGroup;
			children = (
				56C1B9A22B24259D0061B4F4 /* Chatbuddy.app */,
				56C1B9B32B24259F0061B4F4 /* ChatbuddyTests.xctest */,
				56C1B9BD2B24259F0061B4F4 /* ChatbuddyUITests.xctest */,
			);
			name = Products;
			sourceTree = "<group>";
		};
		56C1B9A42B24259D0061B4F4 /* Chatbuddy */ = {
			isa = PBXGroup;
			children = (
				56C1B9A52B24259D0061B4F4 /* ChatbuddyApp.swift */,
				56C1B9D02B242EBD0061B4F4 /* UI */,
				56C1B9D12B242EC30061B4F4 /* ViewModels */,
				56C1B9D22B242ED20061B4F4 /* Models */,
				56C1B9D32B242EE10061B4F4 /* DBServices */,
				56C1B9D42B242EFD0061B4F4 /* Components_Helpers */,
				56C1B9D52B242F430061B4F4 /* Fonts */,
				56C1B9A92B24259F0061B4F4 /* Assets.xcassets */,
				56C1B9AB2B24259F0061B4F4 /* Chatbuddy.entitlements */,
				56C1B9AC2B24259F0061B4F4 /* Preview Content */,
			);
			path = Chatbuddy;
			sourceTree = "<group>";
		};
		56C1B9AC2B24259F0061B4F4 /* Preview Content */ = {
			isa = PBXGroup;
			children = (
				56C1B9AD2B24259F0061B4F4 /* Preview Assets.xcassets */,
			);
			path = "Preview Content";
			sourceTree = "<group>";
		};
		56C1B9B62B24259F0061B4F4 /* ChatbuddyTests */ = {
			isa = PBXGroup;
			children = (
				56C1B9B72B24259F0061B4F4 /* ChatbuddyTests.swift */,
			);
			path = ChatbuddyTests;
			sourceTree = "<group>";
		};
		56C1B9C02B24259F0061B4F4 /* ChatbuddyUITests */ = {
			isa = PBXGroup;
			children = (
				56C1B9C12B24259F0061B4F4 /* ChatbuddyUITests.swift */,
				56C1B9C32B24259F0061B4F4 /* ChatbuddyUITestsLaunchTests.swift */,
			);
			path = ChatbuddyUITests;
			sourceTree = "<group>";
		};
		56C1B9D02B242EBD0061B4F4 /* UI */ = {
			isa = PBXGroup;
			children = (
				56C1B9A72B24259D0061B4F4 /* ContentView.swift */,
			);
			path = UI;
			sourceTree = "<group>";
		};
		56C1B9D12B242EC30061B4F4 /* ViewModels */ = {
			isa = PBXGroup;
			children = (
			);
			path = ViewModels;
			sourceTree = "<group>";
		};
		56C1B9D22B242ED20061B4F4 /* Models */ = {
			isa = PBXGroup;
			children = (
			);
			path = Models;
			sourceTree = "<group>";
		};
		56C1B9D32B242EE10061B4F4 /* DBServices */ = {
			isa = PBXGroup;
			children = (
			);
			path = DBServices;
			sourceTree = "<group>";
		};
		56C1B9D42B242EFD0061B4F4 /* Components_Helpers */ = {
			isa = PBXGroup;
			children = (
			);
			path = Components_Helpers;
			sourceTree = "<group>";
		};
		56C1B9D52B242F430061B4F4 /* Fonts */ = {
			isa = PBXGroup;
			children = (
			);
			path = Fonts;
			sourceTree = "<group>";
		};
/* End PBXGroup section */

/* Begin PBXNativeTarget section */
		56C1B9A12B24259D0061B4F4 /* Chatbuddy */ = {
			isa = PBXNativeTarget;
			buildConfigurationList = 56C1B9C72B24259F0061B4F4 /* Build configuration list for PBXNativeTarget "Chatbuddy" */;
			buildPhases = (
				56C1B99E2B24259D0061B4F4 /* Sources */,
				56C1B99F2B24259D0061B4F4 /* Frameworks */,
				56C1B9A02B24259D0061B4F4 /* Resources */,
			);
			buildRules = (
			);
			dependencies = (
			);
			name = Chatbuddy;
			productName = Chatbuddy;
			productReference = 56C1B9A22B24259D0061B4F4 /* Chatbuddy.app */;
			productType = "com.apple.product-type.application";
		};
		56C1B9B22B24259F0061B4F4 /* ChatbuddyTests */ = {
			isa = PBXNativeTarget;
			buildConfigurationList = 56C1B9CA2B24259F0061B4F4 /* Build configuration list for PBXNativeTarget "ChatbuddyTests" */;
			buildPhases = (
				56C1B9AF2B24259F0061B4F4 /* Sources */,
				56C1B9B02B24259F0061B4F4 /* Frameworks */,
				56C1B9B12B24259F0061B4F4 /* Resources */,
			);
			buildRules = (
			);
			dependencies = (
				56C1B9B52B24259F0061B4F4 /* PBXTargetDependency */,
			);
			name = ChatbuddyTests;
			productName = ChatbuddyTests;
			productReference = 56C1B9B32B24259F0061B4F4 /* ChatbuddyTests.xctest */;
			productType = "com.apple.product-type.bundle.unit-test";
		};
		56C1B9BC2B24259F0061B4F4 /* ChatbuddyUITests */ = {
			isa = PBXNativeTarget;
			buildConfigurationList = 56C1B9CD2B24259F0061B4F4 /* Build configuration list for PBXNativeTarget "ChatbuddyUITests" */;
			buildPhases = (
				56C1B9B92B24259F0061B4F4 /* Sources */,
				56C1B9BA2B24259F0061B4F4 /* Frameworks */,
				56C1B9BB2B24259F0061B4F4 /* Resources */,
			);
			buildRules = (
			);
			dependencies = (
				56C1B9BF2B24259F0061B4F4 /* PBXTargetDependency */,
			);
			name = ChatbuddyUITests;
			productName = ChatbuddyUITests;
			productReference = 56C1B9BD2B24259F0061B4F4 /* ChatbuddyUITests.xctest */;
			productType = "com.apple.product-type.bundle.ui-testing";
		};
/* End PBXNativeTarget section */

/* Begin PBXProject section */
		56C1B99A2B24259D0061B4F4 /* Project object */ = {
			isa = PBXProject;
			attributes = {
				BuildIndependentTargetsInParallel = 1;
				LastSwiftUpdateCheck = 1500;
				LastUpgradeCheck = 1500;
				TargetAttributes = {
					56C1B9A12B24259D0061B4F4 = {
						CreatedOnToolsVersion = 15.0.1;
					};
					56C1B9B22B24259F0061B4F4 = {
						CreatedOnToolsVersion = 15.0.1;
						TestTargetID = 56C1B9A12B24259D0061B4F4;
					};
					56C1B9BC2B24259F0061B4F4 = {
						CreatedOnToolsVersion = 15.0.1;
						TestTargetID = 56C1B9A12B24259D0061B4F4;
					};
				};
			};
			buildConfigurationList = 56C1B99D2B24259D0061B4F4 /* Build configuration list for PBXProject "Chatbuddy" */;
			compatibilityVersion = "Xcode 14.0";
			developmentRegion = en;
			hasScannedForEncodings = 0;
			knownRegions = (
				en,
				Base,
			);
			mainGroup = 56C1B9992B24259D0061B4F4;
			productRefGroup = 56C1B9A32B24259D0061B4F4 /* Products */;
			projectDirPath = "";
			projectRoot = "";
			targets = (
				56C1B9A12B24259D0061B4F4 /* Chatbuddy */,
				56C1B9B22B24259F0061B4F4 /* ChatbuddyTests */,
				56C1B9BC2B24259F0061B4F4 /* ChatbuddyUITests */,
			);
		};
/* End PBXProject section */

/* Begin PBXResourcesBuildPhase section */
		56C1B9A02B24259D0061B4F4 /* Resources */ = {
			isa = PBXResourcesBuildPhase;
			buildActionMask = 2147483647;
			files = (
				56C1B9AE2B24259F0061B4F4 /* Preview Assets.xcassets in Resources */,
				56C1B9AA2B24259F0061B4F4 /* Assets.xcassets in Resources */,
			);
			runOnlyForDeploymentPostprocessing = 0;
		};
		56C1B9B12B24259F0061B4F4 /* Resources */ = {
			isa = PBXResourcesBuildPhase;
			buildActionMask = 2147483647;
			files = (
			);
			runOnlyForDeploymentPostprocessing = 0;
		};
		56C1B9BB2B24259F0061B4F4 /* Resources */ = {
			isa = PBXResourcesBuildPhase;
			buildActionMask = 2147483647;
			files = (
			);
			runOnlyForDeploymentPostprocessing = 0;
		};
/* End PBXResourcesBuildPhase section */

/* Begin PBXSourcesBuildPhase section */
		56C1B99E2B24259D0061B4F4 /* Sources */ = {
			isa = PBXSourcesBuildPhase;
			buildActionMask = 2147483647;
			files = (
				56C1B9A82B24259D0061B4F4 /* ContentView.swift in Sources */,
				56C1B9A62B24259D0061B4F4 /* ChatbuddyApp.swift in Sources */,
			);
			runOnlyForDeploymentPostprocessing = 0;
		};
		56C1B9AF2B24259F0061B4F4 /* Sources */ = {
			isa = PBXSourcesBuildPhase;
			buildActionMask = 2147483647;
			files = (
				56C1B9B82B24259F0061B4F4 /* ChatbuddyTests.swift in Sources */,
			);
			runOnlyForDeploymentPostprocessing = 0;
		};
		56C1B9B92B24259F0061B4F4 /* Sources */ = {
			isa = PBXSourcesBuildPhase;
			buildActionMask = 2147483647;
			files = (
				56C1B9C22B24259F0061B4F4 /* ChatbuddyUITests.swift in Sources */,
				56C1B9C42B24259F0061B4F4 /* ChatbuddyUITestsLaunchTests.swift in Sources */,
			);
			runOnlyForDeploymentPostprocessing = 0;
		};
/* End PBXSourcesBuildPhase section */

/* Begin PBXTargetDependency section */
		56C1B9B52B24259F0061B4F4 /* PBXTargetDependency */ = {
			isa = PBXTargetDependency;
			target = 56C1B9A12B24259D0061B4F4 /* Chatbuddy */;
			targetProxy = 56C1B9B42B24259F0061B4F4 /* PBXContainerItemProxy */;
		};
		56C1B9BF2B24259F0061B4F4 /* PBXTargetDependency */ = {
			isa = PBXTargetDependency;
			target = 56C1B9A12B24259D0061B4F4 /* Chatbuddy */;
			targetProxy = 56C1B9BE2B24259F0061B4F4 /* PBXContainerItemProxy */;
		};
/* End PBXTargetDependency section */

/* Begin XCBuildConfiguration section */
		56C1B9C52B24259F0061B4F4 /* Debug */ = {
			isa = XCBuildConfiguration;
			buildSettings = {
				ALWAYS_SEARCH_USER_PATHS = NO;
				ASSETCATALOG_COMPILER_GENERATE_SWIFT_ASSET_SYMBOL_EXTENSIONS = YES;
				CLANG_ANALYZER_NONNULL = YES;
				CLANG_ANALYZER_NUMBER_OBJECT_CONVERSION = YES_AGGRESSIVE;
				CLANG_CXX_LANGUAGE_STANDARD = "gnu++20";
				CLANG_ENABLE_MODULES = YES;
				CLANG_ENABLE_OBJC_ARC = YES;
				CLANG_ENABLE_OBJC_WEAK = YES;
				CLANG_WARN_BLOCK_CAPTURE_AUTORELEASING = YES;
				CLANG_WARN_BOOL_CONVERSION = YES;
				CLANG_WARN_COMMA = YES;
				CLANG_WARN_CONSTANT_CONVERSION = YES;
				CLANG_WARN_DEPRECATED_OBJC_IMPLEMENTATIONS = YES;
				CLANG_WARN_DIRECT_OBJC_ISA_USAGE = YES_ERROR;
				CLANG_WARN_DOCUMENTATION_COMMENTS = YES;
				CLANG_WARN_EMPTY_BODY = YES;
				CLANG_WARN_ENUM_CONVERSION = YES;
				CLANG_WARN_INFINITE_RECURSION = YES;
				CLANG_WARN_INT_CONVERSION = YES;
				CLANG_WARN_NON_LITERAL_NULL_CONVERSION = YES;
				CLANG_WARN_OBJC_IMPLICIT_RETAIN_SELF = YES;
				CLANG_WARN_OBJC_LITERAL_CONVERSION = YES;
				CLANG_WARN_OBJC_ROOT_CLASS = YES_ERROR;
				CLANG_WARN_QUOTED_INCLUDE_IN_FRAMEWORK_HEADER = YES;
				CLANG_WARN_RANGE_LOOP_ANALYSIS = YES;
				CLANG_WARN_STRICT_PROTOTYPES = YES;
				CLANG_WARN_SUSPICIOUS_MOVE = YES;
				CLANG_WARN_UNGUARDED_AVAILABILITY = YES_AGGRESSIVE;
				CLANG_WARN_UNREACHABLE_CODE = YES;
				CLANG_WARN__DUPLICATE_METHOD_MATCH = YES;
				COPY_PHASE_STRIP = NO;
				DEBUG_INFORMATION_FORMAT = dwarf;
				ENABLE_STRICT_OBJC_MSGSEND = YES;
				ENABLE_TESTABILITY = YES;
				ENABLE_USER_SCRIPT_SANDBOXING = YES;
				GCC_C_LANGUAGE_STANDARD = gnu17;
				GCC_DYNAMIC_NO_PIC = NO;
				GCC_NO_COMMON_BLOCKS = YES;
				GCC_OPTIMIZATION_LEVEL = 0;
				GCC_PREPROCESSOR_DEFINITIONS = (
					"DEBUG=1",
					"$(inherited)",
				);
				GCC_WARN_64_TO_32_BIT_CONVERSION = YES;
				GCC_WARN_ABOUT_RETURN_TYPE = YES_ERROR;
				GCC_WARN_UNDECLARED_SELECTOR = YES;
				GCC_WARN_UNINITIALIZED_AUTOS = YES_AGGRESSIVE;
				GCC_WARN_UNUSED_FUNCTION = YES;
				GCC_WARN_UNUSED_VARIABLE = YES;
				LOCALIZATION_PREFERS_STRING_CATALOGS = YES;
				MTL_ENABLE_DEBUG_INFO = INCLUDE_SOURCE;
				MTL_FAST_MATH = YES;
				ONLY_ACTIVE_ARCH = YES;
				SWIFT_ACTIVE_COMPILATION_CONDITIONS = "DEBUG $(inherited)";
				SWIFT_OPTIMIZATION_LEVEL = "-Onone";
			};
			name = Debug;
		};
		56C1B9C62B24259F0061B4F4 /* Release */ = {
			isa = XCBuildConfiguration;
			buildSettings = {
				ALWAYS_SEARCH_USER_PATHS = NO;
				ASSETCATALOG_COMPILER_GENERATE_SWIFT_ASSET_SYMBOL_EXTENSIONS = YES;
				CLANG_ANALYZER_NONNULL = YES;
				CLANG_ANALYZER_NUMBER_OBJECT_CONVERSION = YES_AGGRESSIVE;
				CLANG_CXX_LANGUAGE_STANDARD = "gnu++20";
				CLANG_ENABLE_MODULES = YES;
				CLANG_ENABLE_OBJC_ARC = YES;
				CLANG_ENABLE_OBJC_WEAK = YES;
				CLANG_WARN_BLOCK_CAPTURE_AUTORELEASING = YES;
				CLANG_WARN_BOOL_CONVERSION = YES;
				CLANG_WARN_COMMA = YES;
				CLANG_WARN_CONSTANT_CONVERSION = YES;
				CLANG_WARN_DEPRECATED_OBJC_IMPLEMENTATIONS = YES;
				CLANG_WARN_DIRECT_OBJC_ISA_USAGE = YES_ERROR;
				CLANG_WARN_DOCUMENTATION_COMMENTS = YES;
				CLANG_WARN_EMPTY_BODY = YES;
				CLANG_WARN_ENUM_CONVERSION = YES;
				CLANG_WARN_INFINITE_RECURSION = YES;
				CLANG_WARN_INT_CONVERSION = YES;
				CLANG_WARN_NON_LITERAL_NULL_CONVERSION = YES;
				CLANG_WARN_OBJC_IMPLICIT_RETAIN_SELF = YES;
				CLANG_WARN_OBJC_LITERAL_CONVERSION = YES;
				CLANG_WARN_OBJC_ROOT_CLASS = YES_ERROR;
				CLANG_WARN_QUOTED_INCLUDE_IN_FRAMEWORK_HEADER = YES;
				CLANG_WARN_RANGE_LOOP_ANALYSIS = YES;
				CLANG_WARN_STRICT_PROTOTYPES = YES;
				CLANG_WARN_SUSPICIOUS_MOVE = YES;
				CLANG_WARN_UNGUARDED_AVAILABILITY = YES_AGGRESSIVE;
				CLANG_WARN_UNREACHABLE_CODE = YES;
				CLANG_WARN__DUPLICATE_METHOD_MATCH = YES;
				COPY_PHASE_STRIP = NO;
				DEBUG_INFORMATION_FORMAT = "dwarf-with-dsym";
				ENABLE_NS_ASSERTIONS = NO;
				ENABLE_STRICT_OBJC_MSGSEND = YES;
				ENABLE_USER_SCRIPT_SANDBOXING = YES;
				GCC_C_LANGUAGE_STANDARD = gnu17;
				GCC_NO_COMMON_BLOCKS = YES;
				GCC_WARN_64_TO_32_BIT_CONVERSION = YES;
				GCC_WARN_ABOUT_RETURN_TYPE = YES_ERROR;
				GCC_WARN_UNDECLARED_SELECTOR = YES;
				GCC_WARN_UNINITIALIZED_AUTOS = YES_AGGRESSIVE;
				GCC_WARN_UNUSED_FUNCTION = YES;
				GCC_WARN_UNUSED_VARIABLE = YES;
				LOCALIZATION_PREFERS_STRING_CATALOGS = YES;
				MTL_ENABLE_DEBUG_INFO = NO;
				MTL_FAST_MATH = YES;
				SWIFT_COMPILATION_MODE = wholemodule;
			};
			name = Release;
		};
		56C1B9C82B24259F0061B4F4 /* Debug */ = {
			isa = XCBuildConfiguration;
			buildSettings = {
				ASSETCATALOG_COMPILER_APPICON_NAME = AppIcon;
				ASSETCATALOG_COMPILER_GLOBAL_ACCENT_COLOR_NAME = AccentColor;
				CODE_SIGN_ENTITLEMENTS = Chatbuddy/Chatbuddy.entitlements;
				CODE_SIGN_STYLE = Automatic;
				CURRENT_PROJECT_VERSION = 1;
				DEVELOPMENT_ASSET_PATHS = "\"Chatbuddy/Preview Content\"";
				ENABLE_PREVIEWS = YES;
				GENERATE_INFOPLIST_FILE = YES;
				"INFOPLIST_KEY_UIApplicationSceneManifest_Generation[sdk=iphoneos*]" = YES;
				"INFOPLIST_KEY_UIApplicationSceneManifest_Generation[sdk=iphonesimulator*]" = YES;
				"INFOPLIST_KEY_UIApplicationSupportsIndirectInputEvents[sdk=iphoneos*]" = YES;
				"INFOPLIST_KEY_UIApplicationSupportsIndirectInputEvents[sdk=iphonesimulator*]" = YES;
				"INFOPLIST_KEY_UILaunchScreen_Generation[sdk=iphoneos*]" = YES;
				"INFOPLIST_KEY_UILaunchScreen_Generation[sdk=iphonesimulator*]" = YES;
				"INFOPLIST_KEY_UIStatusBarStyle[sdk=iphoneos*]" = UIStatusBarStyleDefault;
				"INFOPLIST_KEY_UIStatusBarStyle[sdk=iphonesimulator*]" = UIStatusBarStyleDefault;
				INFOPLIST_KEY_UISupportedInterfaceOrientations_iPad = "UIInterfaceOrientationPortrait UIInterfaceOrientationPortraitUpsideDown UIInterfaceOrientationLandscapeLeft UIInterfaceOrientationLandscapeRight";
				INFOPLIST_KEY_UISupportedInterfaceOrientations_iPhone = "UIInterfaceOrientationPortrait UIInterfaceOrientationLandscapeLeft UIInterfaceOrientationLandscapeRight";
				IPHONEOS_DEPLOYMENT_TARGET = 17.0;
				LD_RUNPATH_SEARCH_PATHS = "@executable_path/Frameworks";
				"LD_RUNPATH_SEARCH_PATHS[sdk=macosx*]" = "@executable_path/../Frameworks";
				MACOSX_DEPLOYMENT_TARGET = 14.0;
				MARKETING_VERSION = 1.0;
				PRODUCT_BUNDLE_IDENTIFIER = com.godfather.Chatbuddy;
				PRODUCT_NAME = "$(TARGET_NAME)";
				SDKROOT = auto;
				SUPPORTED_PLATFORMS = "iphoneos iphonesimulator macosx";
				SWIFT_EMIT_LOC_STRINGS = YES;
				SWIFT_VERSION = 5.0;
				TARGETED_DEVICE_FAMILY = "1,2";
			};
			name = Debug;
		};
		56C1B9C92B24259F0061B4F4 /* Release */ = {
			isa = XCBuildConfiguration;
			buildSettings = {
				ASSETCATALOG_COMPILER_APPICON_NAME = AppIcon;
				ASSETCATALOG_COMPILER_GLOBAL_ACCENT_COLOR_NAME = AccentColor;
				CODE_SIGN_ENTITLEMENTS = Chatbuddy/Chatbuddy.entitlements;
				CODE_SIGN_STYLE = Automatic;
				CURRENT_PROJECT_VERSION = 1;
				DEVELOPMENT_ASSET_PATHS = "\"Chatbuddy/Preview Content\"";
				ENABLE_PREVIEWS = YES;
				GENERATE_INFOPLIST_FILE = YES;
				"INFOPLIST_KEY_UIApplicationSceneManifest_Generation[sdk=iphoneos*]" = YES;
				"INFOPLIST_KEY_UIApplicationSceneManifest_Generation[sdk=iphonesimulator*]" = YES;
				"INFOPLIST_KEY_UIApplicationSupportsIndirectInputEvents[sdk=iphoneos*]" = YES;
				"INFOPLIST_KEY_UIApplicationSupportsIndirectInputEvents[sdk=iphonesimulator*]" = YES;
				"INFOPLIST_KEY_UILaunchScreen_Generation[sdk=iphoneos*]" = YES;
				"INFOPLIST_KEY_UILaunchScreen_Generation[sdk=iphonesimulator*]" = YES;
				"INFOPLIST_KEY_UIStatusBarStyle[sdk=iphoneos*]" = UIStatusBarStyleDefault;
				"INFOPLIST_KEY_UIStatusBarStyle[sdk=iphonesimulator*]" = UIStatusBarStyleDefault;
				INFOPLIST_KEY_UISupportedInterfaceOrientations_iPad = "UIInterfaceOrientationPortrait UIInterfaceOrientationPortraitUpsideDown UIInterfaceOrientationLandscapeLeft UIInterfaceOrientationLandscapeRight";
				INFOPLIST_KEY_UISupportedInterfaceOrientations_iPhone = "UIInterfaceOrientationPortrait UIInterfaceOrientationLandscapeLeft UIInterfaceOrientationLandscapeRight";
				IPHONEOS_DEPLOYMENT_TARGET = 17.0;
				LD_RUNPATH_SEARCH_PATHS = "@executable_path/Frameworks";
				"LD_RUNPATH_SEARCH_PATHS[sdk=macosx*]" = "@executable_path/../Frameworks";
				MACOSX_DEPLOYMENT_TARGET = 14.0;
				MARKETING_VERSION = 1.0;
				PRODUCT_BUNDLE_IDENTIFIER = com.godfather.Chatbuddy;
				PRODUCT_NAME = "$(TARGET_NAME)";
				SDKROOT = auto;
				SUPPORTED_PLATFORMS = "iphoneos iphonesimulator macosx";
				SWIFT_EMIT_LOC_STRINGS = YES;
				SWIFT_VERSION = 5.0;
				TARGETED_DEVICE_FAMILY = "1,2";
			};
			name = Release;
		};
		56C1B9CB2B24259F0061B4F4 /* Debug */ = {
			isa = XCBuildConfiguration;
			buildSettings = {
				ALWAYS_EMBED_SWIFT_STANDARD_LIBRARIES = YES;
				BUNDLE_LOADER = "$(TEST_HOST)";
				CODE_SIGN_STYLE = Automatic;
				CURRENT_PROJECT_VERSION = 1;
				GENERATE_INFOPLIST_FILE = YES;
				IPHONEOS_DEPLOYMENT_TARGET = 17.0;
				MACOSX_DEPLOYMENT_TARGET = 14.0;
				MARKETING_VERSION = 1.0;
				PRODUCT_BUNDLE_IDENTIFIER = com.godfather.ChatbuddyTests;
				PRODUCT_NAME = "$(TARGET_NAME)";
				SDKROOT = auto;
				SUPPORTED_PLATFORMS = "iphoneos iphonesimulator macosx";
				SWIFT_EMIT_LOC_STRINGS = NO;
				SWIFT_VERSION = 5.0;
				TARGETED_DEVICE_FAMILY = "1,2";
				TEST_HOST = "$(BUILT_PRODUCTS_DIR)/Chatbuddy.app/$(BUNDLE_EXECUTABLE_FOLDER_PATH)/Chatbuddy";
			};
			name = Debug;
		};
		56C1B9CC2B24259F0061B4F4 /* Release */ = {
			isa = XCBuildConfiguration;
			buildSettings = {
				ALWAYS_EMBED_SWIFT_STANDARD_LIBRARIES = YES;
				BUNDLE_LOADER = "$(TEST_HOST)";
				CODE_SIGN_STYLE = Automatic;
				CURRENT_PROJECT_VERSION = 1;
				GENERATE_INFOPLIST_FILE = YES;
				IPHONEOS_DEPLOYMENT_TARGET = 17.0;
				MACOSX_DEPLOYMENT_TARGET = 14.0;
				MARKETING_VERSION = 1.0;
				PRODUCT_BUNDLE_IDENTIFIER = com.godfather.ChatbuddyTests;
				PRODUCT_NAME = "$(TARGET_NAME)";
				SDKROOT = auto;
				SUPPORTED_PLATFORMS = "iphoneos iphonesimulator macosx";
				SWIFT_EMIT_LOC_STRINGS = NO;
				SWIFT_VERSION = 5.0;
				TARGETED_DEVICE_FAMILY = "1,2";
				TEST_HOST = "$(BUILT_PRODUCTS_DIR)/Chatbuddy.app/$(BUNDLE_EXECUTABLE_FOLDER_PATH)/Chatbuddy";
			};
			name = Release;
		};
		56C1B9CE2B24259F0061B4F4 /* Debug */ = {
			isa = XCBuildConfiguration;
			buildSettings = {
				ALWAYS_EMBED_SWIFT_STANDARD_LIBRARIES = YES;
				CODE_SIGN_STYLE = Automatic;
				CURRENT_PROJECT_VERSION = 1;
				GENERATE_INFOPLIST_FILE = YES;
				IPHONEOS_DEPLOYMENT_TARGET = 17.0;
				MACOSX_DEPLOYMENT_TARGET = 14.0;
				MARKETING_VERSION = 1.0;
				PRODUCT_BUNDLE_IDENTIFIER = com.godfather.ChatbuddyUITests;
				PRODUCT_NAME = "$(TARGET_NAME)";
				SDKROOT = auto;
				SUPPORTED_PLATFORMS = "iphoneos iphonesimulator macosx";
				SWIFT_EMIT_LOC_STRINGS = NO;
				SWIFT_VERSION = 5.0;
				TARGETED_DEVICE_FAMILY = "1,2";
				TEST_TARGET_NAME = Chatbuddy;
			};
			name = Debug;
		};
		56C1B9CF2B24259F0061B4F4 /* Release */ = {
			isa = XCBuildConfiguration;
			buildSettings = {
				ALWAYS_EMBED_SWIFT_STANDARD_LIBRARIES = YES;
				CODE_SIGN_STYLE = Automatic;
				CURRENT_PROJECT_VERSION = 1;
				GENERATE_INFOPLIST_FILE = YES;
				IPHONEOS_DEPLOYMENT_TARGET = 17.0;
				MACOSX_DEPLOYMENT_TARGET = 14.0;
				MARKETING_VERSION = 1.0;
				PRODUCT_BUNDLE_IDENTIFIER = com.godfather.ChatbuddyUITests;
				PRODUCT_NAME = "$(TARGET_NAME)";
				SDKROOT = auto;
				SUPPORTED_PLATFORMS = "iphoneos iphonesimulator macosx";
				SWIFT_EMIT_LOC_STRINGS = NO;
				SWIFT_VERSION = 5.0;
				TARGETED_DEVICE_FAMILY = "1,2";
				TEST_TARGET_NAME = Chatbuddy;
			};
			name = Release;
		};
/* End XCBuildConfiguration section */

/* Begin XCConfigurationList section */
		56C1B99D2B24259D0061B4F4 /* Build configuration list for PBXProject "Chatbuddy" */ = {
			isa = XCConfigurationList;
			buildConfigurations = (
				56C1B9C52B24259F0061B4F4 /* Debug */,
				56C1B9C62B24259F0061B4F4 /* Release */,
			);
			defaultConfigurationIsVisible = 0;
			defaultConfigurationName = Release;
		};
		56C1B9C72B24259F0061B4F4 /* Build configuration list for PBXNativeTarget "Chatbuddy" */ = {
			isa = XCConfigurationList;
			buildConfigurations = (
				56C1B9C82B24259F0061B4F4 /* Debug */,
				56C1B9C92B24259F0061B4F4 /* Release */,
			);
			defaultConfigurationIsVisible = 0;
			defaultConfigurationName = Release;
		};
		56C1B9CA2B24259F0061B4F4 /* Build configuration list for PBXNativeTarget "ChatbuddyTests" */ = {
			isa = XCConfigurationList;
			buildConfigurations = (
				56C1B9CB2B24259F0061B4F4 /* Debug */,
				56C1B9CC2B24259F0061B4F4 /* Release */,
			);
			defaultConfigurationIsVisible = 0;
			defaultConfigurationName = Release;
		};
		56C1B9CD2B24259F0061B4F4 /* Build configuration list for PBXNativeTarget "ChatbuddyUITests" */ = {
			isa = XCConfigurationList;
			buildConfigurations = (
				56C1B9CE2B24259F0061B4F4 /* Debug */,
				56C1B9CF2B24259F0061B4F4 /* Release */,
			);
			defaultConfigurationIsVisible = 0;
			defaultConfigurationName = Release;
		};
/* End XCConfigurationList section */
	};
	rootObject = 56C1B99A2B24259D0061B4F4 /* Project object */;
}
